// !$*UTF8*$!
{
	archiveVersion = 1;
	classes = {
	};
	objectVersion = 56;
	objects = {

/* Begin PBXBuildFile section */
		BF40958F2B9845BB00AD45B1 /* SettingCell.swift in Sources */ = {isa = PBXBuildFile; fileRef = BF40958E2B9845BB00AD45B1 /* SettingCell.swift */; };
		BF4095912B984A3B00AD45B1 /* PromotionCell.swift in Sources */ = {isa = PBXBuildFile; fileRef = BF4095902B984A3B00AD45B1 /* PromotionCell.swift */; };
		BF4095952B984CA100AD45B1 /* UserInfoView.swift in Sources */ = {isa = PBXBuildFile; fileRef = BF4095942B984CA100AD45B1 /* UserInfoView.swift */; };
		BF4095972B9850D600AD45B1 /* UserInfoViewCell.swift in Sources */ = {isa = PBXBuildFile; fileRef = BF4095962B9850D600AD45B1 /* UserInfoViewCell.swift */; };
		BF4095992B98515D00AD45B1 /* UserInfoCellViewParam.swift in Sources */ = {isa = PBXBuildFile; fileRef = BF4095982B98515D00AD45B1 /* UserInfoCellViewParam.swift */; };
		BF40959B2B98545900AD45B1 /* PaymentView.swift in Sources */ = {isa = PBXBuildFile; fileRef = BF40959A2B98545900AD45B1 /* PaymentView.swift */; };
		BF40959D2B985B3D00AD45B1 /* PaymentViewCell.swift in Sources */ = {isa = PBXBuildFile; fileRef = BF40959C2B985B3D00AD45B1 /* PaymentViewCell.swift */; };
		BF40959F2B985B8900AD45B1 /* PaymentCellViewParam.swift in Sources */ = {isa = PBXBuildFile; fileRef = BF40959E2B985B8900AD45B1 /* PaymentCellViewParam.swift */; };
		BF4095A32B9882BA00AD45B1 /* CarouselViewCell.swift in Sources */ = {isa = PBXBuildFile; fileRef = BF4095A22B9882BA00AD45B1 /* CarouselViewCell.swift */; };
		BF4095A52B98851E00AD45B1 /* UIColor+Ext.swift in Sources */ = {isa = PBXBuildFile; fileRef = BF4095A42B98851E00AD45B1 /* UIColor+Ext.swift */; };
		BF4095A72B98868400AD45B1 /* CarouselView.swift in Sources */ = {isa = PBXBuildFile; fileRef = BF4095A62B98868400AD45B1 /* CarouselView.swift */; };
		BF4095A92B98879700AD45B1 /* CarouselViewPresenter.swift in Sources */ = {isa = PBXBuildFile; fileRef = BF4095A82B98879700AD45B1 /* CarouselViewPresenter.swift */; };
		BF4095AB2B988AB900AD45B1 /* CarouselTableViewCell.swift in Sources */ = {isa = PBXBuildFile; fileRef = BF4095AA2B988AB900AD45B1 /* CarouselTableViewCell.swift */; };
		BF4095AE2B988F1F00AD45B1 /* Alamofire in Frameworks */ = {isa = PBXBuildFile; productRef = BF4095AD2B988F1F00AD45B1 /* Alamofire */; };
		BF4095B42B98938800AD45B1 /* Mock-CTA-Multiple.json in Resources */ = {isa = PBXBuildFile; fileRef = BF4095AF2B98938800AD45B1 /* Mock-CTA-Multiple.json */; };
		BF4095B52B98938800AD45B1 /* Mock-Payments.json in Resources */ = {isa = PBXBuildFile; fileRef = BF4095B02B98938800AD45B1 /* Mock-Payments.json */; };
		BF4095B62B98938800AD45B1 /* Mock-CTA-Single.json in Resources */ = {isa = PBXBuildFile; fileRef = BF4095B12B98938800AD45B1 /* Mock-CTA-Single.json */; };
		BF4095B72B98938800AD45B1 /* Mock-User-Verified.json in Resources */ = {isa = PBXBuildFile; fileRef = BF4095B22B98938800AD45B1 /* Mock-User-Verified.json */; };
		BF4095B82B98938800AD45B1 /* Mock-User.json in Resources */ = {isa = PBXBuildFile; fileRef = BF4095B32B98938800AD45B1 /* Mock-User.json */; };
		BF4095BC2B98C10F00AD45B1 /* Theme.swift in Sources */ = {isa = PBXBuildFile; fileRef = BF4095BB2B98C10F00AD45B1 /* Theme.swift */; };
		BF4095BE2B99B4D200AD45B1 /* DetailViewController.swift in Sources */ = {isa = PBXBuildFile; fileRef = BF4095BD2B99B4D200AD45B1 /* DetailViewController.swift */; };
		BF4095C02B99B55000AD45B1 /* Mock-Simulation-DetailPage.json in Resources */ = {isa = PBXBuildFile; fileRef = BF4095BF2B99B55000AD45B1 /* Mock-Simulation-DetailPage.json */; };
		BF4095C22B99B8A500AD45B1 /* SelectorView.swift in Sources */ = {isa = PBXBuildFile; fileRef = BF4095C12B99B8A500AD45B1 /* SelectorView.swift */; };
		BF4095C42B9AB79800AD45B1 /* NumericTextField.swift in Sources */ = {isa = PBXBuildFile; fileRef = BF4095C32B9AB79800AD45B1 /* NumericTextField.swift */; };
		BF4095C62B9AC8EB00AD45B1 /* UITextField+Ext.swift in Sources */ = {isa = PBXBuildFile; fileRef = BF4095C52B9AC8EB00AD45B1 /* UITextField+Ext.swift */; };
		BF4095CB2B9C074B00AD45B1 /* DetailViewPresenter.swift in Sources */ = {isa = PBXBuildFile; fileRef = BF4095CA2B9C074B00AD45B1 /* DetailViewPresenter.swift */; };
		BF4095CE2B9C0A1000AD45B1 /* SimulationResponse.swift in Sources */ = {isa = PBXBuildFile; fileRef = BF4095CD2B9C0A1000AD45B1 /* SimulationResponse.swift */; };
		BF4095D22B9C0AB400AD45B1 /* SimulationDomainModel.swift in Sources */ = {isa = PBXBuildFile; fileRef = BF4095D12B9C0AB400AD45B1 /* SimulationDomainModel.swift */; };
		BF4095D42B9D9D7F00AD45B1 /* InvestmentDuration.swift in Sources */ = {isa = PBXBuildFile; fileRef = BF4095D32B9D9D7F00AD45B1 /* InvestmentDuration.swift */; };
		BF4095D72B9D9DC600AD45B1 /* SimulationViewParam.swift in Sources */ = {isa = PBXBuildFile; fileRef = BF4095D62B9D9DC600AD45B1 /* SimulationViewParam.swift */; };
		BF4095DA2B9E9B9200AD45B1 /* MockAPIService.swift in Sources */ = {isa = PBXBuildFile; fileRef = BF4095D92B9E9B9200AD45B1 /* MockAPIService.swift */; };
		BFF7F1D72B91782A003C5EA2 /* AppDelegate.swift in Sources */ = {isa = PBXBuildFile; fileRef = BFF7F1D62B91782A003C5EA2 /* AppDelegate.swift */; };
		BFF7F1D92B91782A003C5EA2 /* SceneDelegate.swift in Sources */ = {isa = PBXBuildFile; fileRef = BFF7F1D82B91782A003C5EA2 /* SceneDelegate.swift */; };
		BFF7F1DB2B91782A003C5EA2 /* ProfilePageViewController.swift in Sources */ = {isa = PBXBuildFile; fileRef = BFF7F1DA2B91782A003C5EA2 /* ProfilePageViewController.swift */; };
		BFF7F1E02B91782D003C5EA2 /* Assets.xcassets in Resources */ = {isa = PBXBuildFile; fileRef = BFF7F1DF2B91782D003C5EA2 /* Assets.xcassets */; };
		BFF7F1E32B91782D003C5EA2 /* LaunchScreen.storyboard in Resources */ = {isa = PBXBuildFile; fileRef = BFF7F1E12B91782D003C5EA2 /* LaunchScreen.storyboard */; };
		BFF7F1EE2B91782D003C5EA2 /* AjaibSeniorProjectTestTests.swift in Sources */ = {isa = PBXBuildFile; fileRef = BFF7F1ED2B91782D003C5EA2 /* AjaibSeniorProjectTestTests.swift */; };
		BFF7F1F82B91782D003C5EA2 /* AjaibSeniorProjectTestUITests.swift in Sources */ = {isa = PBXBuildFile; fileRef = BFF7F1F72B91782D003C5EA2 /* AjaibSeniorProjectTestUITests.swift */; };
		BFF7F1FA2B91782D003C5EA2 /* AjaibSeniorProjectTestUITestsLaunchTests.swift in Sources */ = {isa = PBXBuildFile; fileRef = BFF7F1F92B91782D003C5EA2 /* AjaibSeniorProjectTestUITestsLaunchTests.swift */; };
		BFF7F2092B9188F7003C5EA2 /* ProfilePagePresenter.swift in Sources */ = {isa = PBXBuildFile; fileRef = BFF7F2082B9188F7003C5EA2 /* ProfilePagePresenter.swift */; };
		BFF7F20C2B918BD2003C5EA2 /* UIView+Ext.swift in Sources */ = {isa = PBXBuildFile; fileRef = BFF7F20B2B918BD2003C5EA2 /* UIView+Ext.swift */; };
		BFF7F2102B918F12003C5EA2 /* LogoutCell.swift in Sources */ = {isa = PBXBuildFile; fileRef = BFF7F20F2B918F12003C5EA2 /* LogoutCell.swift */; };
		BFF7F2142B91900F003C5EA2 /* OptionView.swift in Sources */ = {isa = PBXBuildFile; fileRef = BFF7F2132B91900F003C5EA2 /* OptionView.swift */; };
		BFF7F21B2B975885003C5EA2 /* UITableView+Ext.swift in Sources */ = {isa = PBXBuildFile; fileRef = BFF7F21A2B975885003C5EA2 /* UITableView+Ext.swift */; };
		BFF7F21E2B9805AB003C5EA2 /* RxBlocking in Frameworks */ = {isa = PBXBuildFile; productRef = BFF7F21D2B9805AB003C5EA2 /* RxBlocking */; };
		BFF7F2202B9805AB003C5EA2 /* RxCocoa in Frameworks */ = {isa = PBXBuildFile; productRef = BFF7F21F2B9805AB003C5EA2 /* RxCocoa */; };
		BFF7F2222B9805AB003C5EA2 /* RxRelay in Frameworks */ = {isa = PBXBuildFile; productRef = BFF7F2212B9805AB003C5EA2 /* RxRelay */; };
		BFF7F2242B9805AB003C5EA2 /* RxSwift in Frameworks */ = {isa = PBXBuildFile; productRef = BFF7F2232B9805AB003C5EA2 /* RxSwift */; };
		BFF7F2262B980C10003C5EA2 /* SystemCell.swift in Sources */ = {isa = PBXBuildFile; fileRef = BFF7F2252B980C10003C5EA2 /* SystemCell.swift */; };
		BFF7F2282B980C85003C5EA2 /* OptionCellViewParam.swift in Sources */ = {isa = PBXBuildFile; fileRef = BFF7F2272B980C85003C5EA2 /* OptionCellViewParam.swift */; };
/* End PBXBuildFile section */

/* Begin PBXContainerItemProxy section */
		BFF7F1EA2B91782D003C5EA2 /* PBXContainerItemProxy */ = {
			isa = PBXContainerItemProxy;
			containerPortal = BFF7F1CB2B91782A003C5EA2 /* Project object */;
			proxyType = 1;
			remoteGlobalIDString = BFF7F1D22B91782A003C5EA2;
			remoteInfo = AjaibSeniorProjectTest;
		};
		BFF7F1F42B91782D003C5EA2 /* PBXContainerItemProxy */ = {
			isa = PBXContainerItemProxy;
			containerPortal = BFF7F1CB2B91782A003C5EA2 /* Project object */;
			proxyType = 1;
			remoteGlobalIDString = BFF7F1D22B91782A003C5EA2;
			remoteInfo = AjaibSeniorProjectTest;
		};
/* End PBXContainerItemProxy section */

/* Begin PBXFileReference section */
		BF40958E2B9845BB00AD45B1 /* SettingCell.swift */ = {isa = PBXFileReference; lastKnownFileType = sourcecode.swift; path = SettingCell.swift; sourceTree = "<group>"; };
		BF4095902B984A3B00AD45B1 /* PromotionCell.swift */ = {isa = PBXFileReference; lastKnownFileType = sourcecode.swift; path = PromotionCell.swift; sourceTree = "<group>"; };
		BF4095942B984CA100AD45B1 /* UserInfoView.swift */ = {isa = PBXFileReference; lastKnownFileType = sourcecode.swift; path = UserInfoView.swift; sourceTree = "<group>"; };
		BF4095962B9850D600AD45B1 /* UserInfoViewCell.swift */ = {isa = PBXFileReference; lastKnownFileType = sourcecode.swift; path = UserInfoViewCell.swift; sourceTree = "<group>"; };
		BF4095982B98515D00AD45B1 /* UserInfoCellViewParam.swift */ = {isa = PBXFileReference; lastKnownFileType = sourcecode.swift; path = UserInfoCellViewParam.swift; sourceTree = "<group>"; };
		BF40959A2B98545900AD45B1 /* PaymentView.swift */ = {isa = PBXFileReference; lastKnownFileType = sourcecode.swift; path = PaymentView.swift; sourceTree = "<group>"; };
		BF40959C2B985B3D00AD45B1 /* PaymentViewCell.swift */ = {isa = PBXFileReference; lastKnownFileType = sourcecode.swift; path = PaymentViewCell.swift; sourceTree = "<group>"; };
		BF40959E2B985B8900AD45B1 /* PaymentCellViewParam.swift */ = {isa = PBXFileReference; lastKnownFileType = sourcecode.swift; path = PaymentCellViewParam.swift; sourceTree = "<group>"; };
		BF4095A22B9882BA00AD45B1 /* CarouselViewCell.swift */ = {isa = PBXFileReference; lastKnownFileType = sourcecode.swift; path = CarouselViewCell.swift; sourceTree = "<group>"; };
		BF4095A42B98851E00AD45B1 /* UIColor+Ext.swift */ = {isa = PBXFileReference; lastKnownFileType = sourcecode.swift; path = "UIColor+Ext.swift"; sourceTree = "<group>"; };
		BF4095A62B98868400AD45B1 /* CarouselView.swift */ = {isa = PBXFileReference; lastKnownFileType = sourcecode.swift; path = CarouselView.swift; sourceTree = "<group>"; };
		BF4095A82B98879700AD45B1 /* CarouselViewPresenter.swift */ = {isa = PBXFileReference; lastKnownFileType = sourcecode.swift; path = CarouselViewPresenter.swift; sourceTree = "<group>"; };
		BF4095AA2B988AB900AD45B1 /* CarouselTableViewCell.swift */ = {isa = PBXFileReference; lastKnownFileType = sourcecode.swift; path = CarouselTableViewCell.swift; sourceTree = "<group>"; };
		BF4095AF2B98938800AD45B1 /* Mock-CTA-Multiple.json */ = {isa = PBXFileReference; fileEncoding = 4; lastKnownFileType = text.json; path = "Mock-CTA-Multiple.json"; sourceTree = "<group>"; };
		BF4095B02B98938800AD45B1 /* Mock-Payments.json */ = {isa = PBXFileReference; fileEncoding = 4; lastKnownFileType = text.json; path = "Mock-Payments.json"; sourceTree = "<group>"; };
		BF4095B12B98938800AD45B1 /* Mock-CTA-Single.json */ = {isa = PBXFileReference; fileEncoding = 4; lastKnownFileType = text.json; path = "Mock-CTA-Single.json"; sourceTree = "<group>"; };
		BF4095B22B98938800AD45B1 /* Mock-User-Verified.json */ = {isa = PBXFileReference; fileEncoding = 4; lastKnownFileType = text.json; path = "Mock-User-Verified.json"; sourceTree = "<group>"; };
		BF4095B32B98938800AD45B1 /* Mock-User.json */ = {isa = PBXFileReference; fileEncoding = 4; lastKnownFileType = text.json; path = "Mock-User.json"; sourceTree = "<group>"; };
		BF4095BB2B98C10F00AD45B1 /* Theme.swift */ = {isa = PBXFileReference; lastKnownFileType = sourcecode.swift; path = Theme.swift; sourceTree = "<group>"; };
		BF4095BD2B99B4D200AD45B1 /* DetailViewController.swift */ = {isa = PBXFileReference; lastKnownFileType = sourcecode.swift; path = DetailViewController.swift; sourceTree = "<group>"; };
		BF4095BF2B99B55000AD45B1 /* Mock-Simulation-DetailPage.json */ = {isa = PBXFileReference; fileEncoding = 4; lastKnownFileType = text.json; path = "Mock-Simulation-DetailPage.json"; sourceTree = "<group>"; };
		BF4095C12B99B8A500AD45B1 /* SelectorView.swift */ = {isa = PBXFileReference; lastKnownFileType = sourcecode.swift; path = SelectorView.swift; sourceTree = "<group>"; };
		BF4095C32B9AB79800AD45B1 /* NumericTextField.swift */ = {isa = PBXFileReference; lastKnownFileType = sourcecode.swift; path = NumericTextField.swift; sourceTree = "<group>"; };
		BF4095C52B9AC8EB00AD45B1 /* UITextField+Ext.swift */ = {isa = PBXFileReference; lastKnownFileType = sourcecode.swift; path = "UITextField+Ext.swift"; sourceTree = "<group>"; };
		BF4095CA2B9C074B00AD45B1 /* DetailViewPresenter.swift */ = {isa = PBXFileReference; lastKnownFileType = sourcecode.swift; path = DetailViewPresenter.swift; sourceTree = "<group>"; };
		BF4095CD2B9C0A1000AD45B1 /* SimulationResponse.swift */ = {isa = PBXFileReference; lastKnownFileType = sourcecode.swift; path = SimulationResponse.swift; sourceTree = "<group>"; };
		BF4095D12B9C0AB400AD45B1 /* SimulationDomainModel.swift */ = {isa = PBXFileReference; lastKnownFileType = sourcecode.swift; path = SimulationDomainModel.swift; sourceTree = "<group>"; };
		BF4095D32B9D9D7F00AD45B1 /* InvestmentDuration.swift */ = {isa = PBXFileReference; lastKnownFileType = sourcecode.swift; path = InvestmentDuration.swift; sourceTree = "<group>"; };
		BF4095D62B9D9DC600AD45B1 /* SimulationViewParam.swift */ = {isa = PBXFileReference; lastKnownFileType = sourcecode.swift; path = SimulationViewParam.swift; sourceTree = "<group>"; };
		BF4095D92B9E9B9200AD45B1 /* MockAPIService.swift */ = {isa = PBXFileReference; lastKnownFileType = sourcecode.swift; path = MockAPIService.swift; sourceTree = "<group>"; };
		BFF7F1D32B91782A003C5EA2 /* AjaibSeniorProjectTest.app */ = {isa = PBXFileReference; explicitFileType = wrapper.application; includeInIndex = 0; path = AjaibSeniorProjectTest.app; sourceTree = BUILT_PRODUCTS_DIR; };
		BFF7F1D62B91782A003C5EA2 /* AppDelegate.swift */ = {isa = PBXFileReference; lastKnownFileType = sourcecode.swift; path = AppDelegate.swift; sourceTree = "<group>"; };
		BFF7F1D82B91782A003C5EA2 /* SceneDelegate.swift */ = {isa = PBXFileReference; lastKnownFileType = sourcecode.swift; path = SceneDelegate.swift; sourceTree = "<group>"; };
		BFF7F1DA2B91782A003C5EA2 /* ProfilePageViewController.swift */ = {isa = PBXFileReference; lastKnownFileType = sourcecode.swift; path = ProfilePageViewController.swift; sourceTree = "<group>"; };
		BFF7F1DF2B91782D003C5EA2 /* Assets.xcassets */ = {isa = PBXFileReference; lastKnownFileType = folder.assetcatalog; path = Assets.xcassets; sourceTree = "<group>"; };
		BFF7F1E22B91782D003C5EA2 /* Base */ = {isa = PBXFileReference; lastKnownFileType = file.storyboard; name = Base; path = Base.lproj/LaunchScreen.storyboard; sourceTree = "<group>"; };
		BFF7F1E42B91782D003C5EA2 /* Info.plist */ = {isa = PBXFileReference; lastKnownFileType = text.plist.xml; path = Info.plist; sourceTree = "<group>"; };
		BFF7F1E92B91782D003C5EA2 /* AjaibSeniorProjectTestTests.xctest */ = {isa = PBXFileReference; explicitFileType = wrapper.cfbundle; includeInIndex = 0; path = AjaibSeniorProjectTestTests.xctest; sourceTree = BUILT_PRODUCTS_DIR; };
		BFF7F1ED2B91782D003C5EA2 /* AjaibSeniorProjectTestTests.swift */ = {isa = PBXFileReference; lastKnownFileType = sourcecode.swift; path = AjaibSeniorProjectTestTests.swift; sourceTree = "<group>"; };
		BFF7F1F32B91782D003C5EA2 /* AjaibSeniorProjectTestUITests.xctest */ = {isa = PBXFileReference; explicitFileType = wrapper.cfbundle; includeInIndex = 0; path = AjaibSeniorProjectTestUITests.xctest; sourceTree = BUILT_PRODUCTS_DIR; };
		BFF7F1F72B91782D003C5EA2 /* AjaibSeniorProjectTestUITests.swift */ = {isa = PBXFileReference; lastKnownFileType = sourcecode.swift; path = AjaibSeniorProjectTestUITests.swift; sourceTree = "<group>"; };
		BFF7F1F92B91782D003C5EA2 /* AjaibSeniorProjectTestUITestsLaunchTests.swift */ = {isa = PBXFileReference; lastKnownFileType = sourcecode.swift; path = AjaibSeniorProjectTestUITestsLaunchTests.swift; sourceTree = "<group>"; };
		BFF7F2082B9188F7003C5EA2 /* ProfilePagePresenter.swift */ = {isa = PBXFileReference; lastKnownFileType = sourcecode.swift; path = ProfilePagePresenter.swift; sourceTree = "<group>"; };
		BFF7F20B2B918BD2003C5EA2 /* UIView+Ext.swift */ = {isa = PBXFileReference; lastKnownFileType = sourcecode.swift; path = "UIView+Ext.swift"; sourceTree = "<group>"; };
		BFF7F20F2B918F12003C5EA2 /* LogoutCell.swift */ = {isa = PBXFileReference; lastKnownFileType = sourcecode.swift; path = LogoutCell.swift; sourceTree = "<group>"; };
		BFF7F2132B91900F003C5EA2 /* OptionView.swift */ = {isa = PBXFileReference; lastKnownFileType = sourcecode.swift; name = OptionView.swift; path = ../../../../../Documents/OptionView.swift; sourceTree = "<group>"; };
		BFF7F21A2B975885003C5EA2 /* UITableView+Ext.swift */ = {isa = PBXFileReference; lastKnownFileType = sourcecode.swift; path = "UITableView+Ext.swift"; sourceTree = "<group>"; };
		BFF7F2252B980C10003C5EA2 /* SystemCell.swift */ = {isa = PBXFileReference; lastKnownFileType = sourcecode.swift; path = SystemCell.swift; sourceTree = "<group>"; };
		BFF7F2272B980C85003C5EA2 /* OptionCellViewParam.swift */ = {isa = PBXFileReference; lastKnownFileType = sourcecode.swift; path = OptionCellViewParam.swift; sourceTree = "<group>"; };
/* End PBXFileReference section */

/* Begin PBXFrameworksBuildPhase section */
		BFF7F1D02B91782A003C5EA2 /* Frameworks */ = {
			isa = PBXFrameworksBuildPhase;
			buildActionMask = 2147483647;
			files = (
				BF4095AE2B988F1F00AD45B1 /* Alamofire in Frameworks */,
				BFF7F2222B9805AB003C5EA2 /* RxRelay in Frameworks */,
				BFF7F2202B9805AB003C5EA2 /* RxCocoa in Frameworks */,
				BFF7F2242B9805AB003C5EA2 /* RxSwift in Frameworks */,
				BFF7F21E2B9805AB003C5EA2 /* RxBlocking in Frameworks */,
			);
			runOnlyForDeploymentPostprocessing = 0;
		};
		BFF7F1E62B91782D003C5EA2 /* Frameworks */ = {
			isa = PBXFrameworksBuildPhase;
			buildActionMask = 2147483647;
			files = (
			);
			runOnlyForDeploymentPostprocessing = 0;
		};
		BFF7F1F02B91782D003C5EA2 /* Frameworks */ = {
			isa = PBXFrameworksBuildPhase;
			buildActionMask = 2147483647;
			files = (
			);
			runOnlyForDeploymentPostprocessing = 0;
		};
/* End PBXFrameworksBuildPhase section */

/* Begin PBXGroup section */
		BF4095922B984C4700AD45B1 /* Cells */ = {
			isa = PBXGroup;
			children = (
				BF4095A12B98826B00AD45B1 /* UICollectionViewCell */,
				BF4095A02B98826100AD45B1 /* UITableViewCell */,
			);
			path = Cells;
			sourceTree = "<group>";
		};
		BF4095932B984C6A00AD45B1 /* ViewParams */ = {
			isa = PBXGroup;
			children = (
				BFF7F2272B980C85003C5EA2 /* OptionCellViewParam.swift */,
				BF40959E2B985B8900AD45B1 /* PaymentCellViewParam.swift */,
				BF4095982B98515D00AD45B1 /* UserInfoCellViewParam.swift */,
				BF4095D62B9D9DC600AD45B1 /* SimulationViewParam.swift */,
			);
			path = ViewParams;
			sourceTree = "<group>";
		};
		BF4095A02B98826100AD45B1 /* UITableViewCell */ = {
			isa = PBXGroup;
			children = (
				BF4095AA2B988AB900AD45B1 /* CarouselTableViewCell.swift */,
				BFF7F20F2B918F12003C5EA2 /* LogoutCell.swift */,
				BF40959C2B985B3D00AD45B1 /* PaymentViewCell.swift */,
				BF4095902B984A3B00AD45B1 /* PromotionCell.swift */,
				BF40958E2B9845BB00AD45B1 /* SettingCell.swift */,
				BFF7F2252B980C10003C5EA2 /* SystemCell.swift */,
				BF4095962B9850D600AD45B1 /* UserInfoViewCell.swift */,
			);
			path = UITableViewCell;
			sourceTree = "<group>";
		};
		BF4095A12B98826B00AD45B1 /* UICollectionViewCell */ = {
			isa = PBXGroup;
			children = (
				BF4095A22B9882BA00AD45B1 /* CarouselViewCell.swift */,
			);
			path = UICollectionViewCell;
			sourceTree = "<group>";
		};
		BF4095B92B98C0E700AD45B1 /* Core */ = {
			isa = PBXGroup;
			children = (
				BF4095D82B9E9B8100AD45B1 /* Service */,
				BF4095BA2B98C10000AD45B1 /* Enum */,
			);
			path = Core;
			sourceTree = "<group>";
		};
		BF4095BA2B98C10000AD45B1 /* Enum */ = {
			isa = PBXGroup;
			children = (
				BF4095D32B9D9D7F00AD45B1 /* InvestmentDuration.swift */,
				BF4095BB2B98C10F00AD45B1 /* Theme.swift */,
			);
			path = Enum;
			sourceTree = "<group>";
		};
		BF4095CC2B9C09FD00AD45B1 /* Entity */ = {
			isa = PBXGroup;
			children = (
				BF4095D02B9C0A9C00AD45B1 /* DomainLayer */,
				BF4095CF2B9C0A8B00AD45B1 /* Response */,
			);
			path = Entity;
			sourceTree = "<group>";
		};
		BF4095CF2B9C0A8B00AD45B1 /* Response */ = {
			isa = PBXGroup;
			children = (
				BF4095CD2B9C0A1000AD45B1 /* SimulationResponse.swift */,
			);
			path = Response;
			sourceTree = "<group>";
		};
		BF4095D02B9C0A9C00AD45B1 /* DomainLayer */ = {
			isa = PBXGroup;
			children = (
				BF4095D12B9C0AB400AD45B1 /* SimulationDomainModel.swift */,
			);
			path = DomainLayer;
			sourceTree = "<group>";
		};
		BF4095D82B9E9B8100AD45B1 /* Service */ = {
			isa = PBXGroup;
			children = (
				BF4095D92B9E9B9200AD45B1 /* MockAPIService.swift */,
			);
			path = Service;
			sourceTree = "<group>";
		};
		BFF7F1CA2B91782A003C5EA2 = {
			isa = PBXGroup;
			children = (
				BFF7F1D52B91782A003C5EA2 /* AjaibSeniorProjectTest */,
				BFF7F1EC2B91782D003C5EA2 /* AjaibSeniorProjectTestTests */,
				BFF7F1F62B91782D003C5EA2 /* AjaibSeniorProjectTestUITests */,
				BFF7F1D42B91782A003C5EA2 /* Products */,
			);
			sourceTree = "<group>";
		};
		BFF7F1D42B91782A003C5EA2 /* Products */ = {
			isa = PBXGroup;
			children = (
				BFF7F1D32B91782A003C5EA2 /* AjaibSeniorProjectTest.app */,
				BFF7F1E92B91782D003C5EA2 /* AjaibSeniorProjectTestTests.xctest */,
				BFF7F1F32B91782D003C5EA2 /* AjaibSeniorProjectTestUITests.xctest */,
			);
			name = Products;
			sourceTree = "<group>";
		};
		BFF7F1D52B91782A003C5EA2 /* AjaibSeniorProjectTest */ = {
			isa = PBXGroup;
			children = (
				BF4095AF2B98938800AD45B1 /* Mock-CTA-Multiple.json */,
				BF4095B12B98938800AD45B1 /* Mock-CTA-Single.json */,
				BF4095B02B98938800AD45B1 /* Mock-Payments.json */,
				BF4095BF2B99B55000AD45B1 /* Mock-Simulation-DetailPage.json */,
				BF4095B22B98938800AD45B1 /* Mock-User-Verified.json */,
				BF4095B32B98938800AD45B1 /* Mock-User.json */,
				BFF7F1E42B91782D003C5EA2 /* Info.plist */,
				BFF7F1D62B91782A003C5EA2 /* AppDelegate.swift */,
				BFF7F1D82B91782A003C5EA2 /* SceneDelegate.swift */,
				BFF7F1DF2B91782D003C5EA2 /* Assets.xcassets */,
				BF4095B92B98C0E700AD45B1 /* Core */,
				BF4095CC2B9C09FD00AD45B1 /* Entity */,
				BFF7F20A2B918BB7003C5EA2 /* Extensions+Utilities */,
				BFF7F1E12B91782D003C5EA2 /* LaunchScreen.storyboard */,
				BFF7F2072B9188E4003C5EA2 /* Presenter */,
				BFF7F2062B9188C9003C5EA2 /* View */,
			);
			path = AjaibSeniorProjectTest;
			sourceTree = "<group>";
		};
		BFF7F1EC2B91782D003C5EA2 /* AjaibSeniorProjectTestTests */ = {
			isa = PBXGroup;
			children = (
				BFF7F1ED2B91782D003C5EA2 /* AjaibSeniorProjectTestTests.swift */,
			);
			path = AjaibSeniorProjectTestTests;
			sourceTree = "<group>";
		};
		BFF7F1F62B91782D003C5EA2 /* AjaibSeniorProjectTestUITests */ = {
			isa = PBXGroup;
			children = (
				BFF7F1F72B91782D003C5EA2 /* AjaibSeniorProjectTestUITests.swift */,
				BFF7F1F92B91782D003C5EA2 /* AjaibSeniorProjectTestUITestsLaunchTests.swift */,
			);
			path = AjaibSeniorProjectTestUITests;
			sourceTree = "<group>";
		};
		BFF7F2062B9188C9003C5EA2 /* View */ = {
			isa = PBXGroup;
			children = (
				BF4095A62B98868400AD45B1 /* CarouselView.swift */,
				BF40959A2B98545900AD45B1 /* PaymentView.swift */,
				BF4095C12B99B8A500AD45B1 /* SelectorView.swift */,
				BF4095942B984CA100AD45B1 /* UserInfoView.swift */,
				BF4095922B984C4700AD45B1 /* Cells */,
				BFF7F20E2B918EC0003C5EA2 /* Reusable */,
				BFF7F20D2B918EA8003C5EA2 /* ViewController */,
				BF4095932B984C6A00AD45B1 /* ViewParams */,
			);
			path = View;
			sourceTree = "<group>";
		};
		BFF7F2072B9188E4003C5EA2 /* Presenter */ = {
			isa = PBXGroup;
			children = (
				BF4095A82B98879700AD45B1 /* CarouselViewPresenter.swift */,
				BF4095CA2B9C074B00AD45B1 /* DetailViewPresenter.swift */,
				BFF7F2082B9188F7003C5EA2 /* ProfilePagePresenter.swift */,
			);
			path = Presenter;
			sourceTree = "<group>";
		};
		BFF7F20A2B918BB7003C5EA2 /* Extensions+Utilities */ = {
			isa = PBXGroup;
			children = (
				BFF7F20B2B918BD2003C5EA2 /* UIView+Ext.swift */,
				BFF7F21A2B975885003C5EA2 /* UITableView+Ext.swift */,
				BF4095A42B98851E00AD45B1 /* UIColor+Ext.swift */,
				BF4095C52B9AC8EB00AD45B1 /* UITextField+Ext.swift */,
			);
			path = "Extensions+Utilities";
			sourceTree = "<group>";
		};
		BFF7F20D2B918EA8003C5EA2 /* ViewController */ = {
			isa = PBXGroup;
			children = (
				BFF7F1DA2B91782A003C5EA2 /* ProfilePageViewController.swift */,
				BF4095BD2B99B4D200AD45B1 /* DetailViewController.swift */,
			);
			path = ViewController;
			sourceTree = "<group>";
		};
		BFF7F20E2B918EC0003C5EA2 /* Reusable */ = {
			isa = PBXGroup;
			children = (
				BFF7F2132B91900F003C5EA2 /* OptionView.swift */,
				BF4095C32B9AB79800AD45B1 /* NumericTextField.swift */,
			);
			path = Reusable;
			sourceTree = "<group>";
		};
/* End PBXGroup section */

/* Begin PBXNativeTarget section */
		BFF7F1D22B91782A003C5EA2 /* AjaibSeniorProjectTest */ = {
			isa = PBXNativeTarget;
			buildConfigurationList = BFF7F1FD2B91782D003C5EA2 /* Build configuration list for PBXNativeTarget "AjaibSeniorProjectTest" */;
			buildPhases = (
				BFF7F1CF2B91782A003C5EA2 /* Sources */,
				BFF7F1D02B91782A003C5EA2 /* Frameworks */,
				BFF7F1D12B91782A003C5EA2 /* Resources */,
			);
			buildRules = (
			);
			dependencies = (
			);
			name = AjaibSeniorProjectTest;
			packageProductDependencies = (
				BFF7F21D2B9805AB003C5EA2 /* RxBlocking */,
				BFF7F21F2B9805AB003C5EA2 /* RxCocoa */,
				BFF7F2212B9805AB003C5EA2 /* RxRelay */,
				BFF7F2232B9805AB003C5EA2 /* RxSwift */,
				BF4095AD2B988F1F00AD45B1 /* Alamofire */,
			);
			productName = AjaibSeniorProjectTest;
			productReference = BFF7F1D32B91782A003C5EA2 /* AjaibSeniorProjectTest.app */;
			productType = "com.apple.product-type.application";
		};
		BFF7F1E82B91782D003C5EA2 /* AjaibSeniorProjectTestTests */ = {
			isa = PBXNativeTarget;
			buildConfigurationList = BFF7F2002B91782D003C5EA2 /* Build configuration list for PBXNativeTarget "AjaibSeniorProjectTestTests" */;
			buildPhases = (
				BFF7F1E52B91782D003C5EA2 /* Sources */,
				BFF7F1E62B91782D003C5EA2 /* Frameworks */,
				BFF7F1E72B91782D003C5EA2 /* Resources */,
			);
			buildRules = (
			);
			dependencies = (
				BFF7F1EB2B91782D003C5EA2 /* PBXTargetDependency */,
			);
			name = AjaibSeniorProjectTestTests;
			productName = AjaibSeniorProjectTestTests;
			productReference = BFF7F1E92B91782D003C5EA2 /* AjaibSeniorProjectTestTests.xctest */;
			productType = "com.apple.product-type.bundle.unit-test";
		};
		BFF7F1F22B91782D003C5EA2 /* AjaibSeniorProjectTestUITests */ = {
			isa = PBXNativeTarget;
			buildConfigurationList = BFF7F2032B91782D003C5EA2 /* Build configuration list for PBXNativeTarget "AjaibSeniorProjectTestUITests" */;
			buildPhases = (
				BFF7F1EF2B91782D003C5EA2 /* Sources */,
				BFF7F1F02B91782D003C5EA2 /* Frameworks */,
				BFF7F1F12B91782D003C5EA2 /* Resources */,
			);
			buildRules = (
			);
			dependencies = (
				BFF7F1F52B91782D003C5EA2 /* PBXTargetDependency */,
			);
			name = AjaibSeniorProjectTestUITests;
			productName = AjaibSeniorProjectTestUITests;
			productReference = BFF7F1F32B91782D003C5EA2 /* AjaibSeniorProjectTestUITests.xctest */;
			productType = "com.apple.product-type.bundle.ui-testing";
		};
/* End PBXNativeTarget section */

/* Begin PBXProject section */
		BFF7F1CB2B91782A003C5EA2 /* Project object */ = {
			isa = PBXProject;
			attributes = {
				BuildIndependentTargetsInParallel = 1;
				LastSwiftUpdateCheck = 1420;
				LastUpgradeCheck = 1420;
				TargetAttributes = {
					BFF7F1D22B91782A003C5EA2 = {
						CreatedOnToolsVersion = 14.2;
					};
					BFF7F1E82B91782D003C5EA2 = {
						CreatedOnToolsVersion = 14.2;
						TestTargetID = BFF7F1D22B91782A003C5EA2;
					};
					BFF7F1F22B91782D003C5EA2 = {
						CreatedOnToolsVersion = 14.2;
						TestTargetID = BFF7F1D22B91782A003C5EA2;
					};
				};
			};
			buildConfigurationList = BFF7F1CE2B91782A003C5EA2 /* Build configuration list for PBXProject "AjaibSeniorProjectTest" */;
			compatibilityVersion = "Xcode 14.0";
			developmentRegion = en;
			hasScannedForEncodings = 0;
			knownRegions = (
				en,
				Base,
			);
			mainGroup = BFF7F1CA2B91782A003C5EA2;
			packageReferences = (
				BFF7F21C2B9805AB003C5EA2 /* XCRemoteSwiftPackageReference "RxSwift" */,
				BF4095AC2B988F1F00AD45B1 /* XCRemoteSwiftPackageReference "Alamofire" */,
			);
			productRefGroup = BFF7F1D42B91782A003C5EA2 /* Products */;
			projectDirPath = "";
			projectRoot = "";
			targets = (
				BFF7F1D22B91782A003C5EA2 /* AjaibSeniorProjectTest */,
				BFF7F1E82B91782D003C5EA2 /* AjaibSeniorProjectTestTests */,
				BFF7F1F22B91782D003C5EA2 /* AjaibSeniorProjectTestUITests */,
			);
		};
/* End PBXProject section */

/* Begin PBXResourcesBuildPhase section */
		BFF7F1D12B91782A003C5EA2 /* Resources */ = {
			isa = PBXResourcesBuildPhase;
			buildActionMask = 2147483647;
			files = (
				BF4095C02B99B55000AD45B1 /* Mock-Simulation-DetailPage.json in Resources */,
				BFF7F1E32B91782D003C5EA2 /* LaunchScreen.storyboard in Resources */,
				BFF7F1E02B91782D003C5EA2 /* Assets.xcassets in Resources */,
				BF4095B52B98938800AD45B1 /* Mock-Payments.json in Resources */,
				BF4095B82B98938800AD45B1 /* Mock-User.json in Resources */,
				BF4095B62B98938800AD45B1 /* Mock-CTA-Single.json in Resources */,
				BF4095B72B98938800AD45B1 /* Mock-User-Verified.json in Resources */,
				BF4095B42B98938800AD45B1 /* Mock-CTA-Multiple.json in Resources */,
			);
			runOnlyForDeploymentPostprocessing = 0;
		};
		BFF7F1E72B91782D003C5EA2 /* Resources */ = {
			isa = PBXResourcesBuildPhase;
			buildActionMask = 2147483647;
			files = (
			);
			runOnlyForDeploymentPostprocessing = 0;
		};
		BFF7F1F12B91782D003C5EA2 /* Resources */ = {
			isa = PBXResourcesBuildPhase;
			buildActionMask = 2147483647;
			files = (
			);
			runOnlyForDeploymentPostprocessing = 0;
		};
/* End PBXResourcesBuildPhase section */

/* Begin PBXSourcesBuildPhase section */
		BFF7F1CF2B91782A003C5EA2 /* Sources */ = {
			isa = PBXSourcesBuildPhase;
			buildActionMask = 2147483647;
			files = (
				BF4095A32B9882BA00AD45B1 /* CarouselViewCell.swift in Sources */,
				BF4095D72B9D9DC600AD45B1 /* SimulationViewParam.swift in Sources */,
				BF4095952B984CA100AD45B1 /* UserInfoView.swift in Sources */,
				BF4095BE2B99B4D200AD45B1 /* DetailViewController.swift in Sources */,
				BF4095C62B9AC8EB00AD45B1 /* UITextField+Ext.swift in Sources */,
				BFF7F2142B91900F003C5EA2 /* OptionView.swift in Sources */,
				BF4095D22B9C0AB400AD45B1 /* SimulationDomainModel.swift in Sources */,
				BF4095D42B9D9D7F00AD45B1 /* InvestmentDuration.swift in Sources */,
				BF40959F2B985B8900AD45B1 /* PaymentCellViewParam.swift in Sources */,
				BF4095A72B98868400AD45B1 /* CarouselView.swift in Sources */,
				BF40958F2B9845BB00AD45B1 /* SettingCell.swift in Sources */,
				BF4095C22B99B8A500AD45B1 /* SelectorView.swift in Sources */,
				BF4095CB2B9C074B00AD45B1 /* DetailViewPresenter.swift in Sources */,
				BF4095C42B9AB79800AD45B1 /* NumericTextField.swift in Sources */,
				BFF7F1DB2B91782A003C5EA2 /* ProfilePageViewController.swift in Sources */,
				BF4095A92B98879700AD45B1 /* CarouselViewPresenter.swift in Sources */,
				BF40959D2B985B3D00AD45B1 /* PaymentViewCell.swift in Sources */,
				BF4095BC2B98C10F00AD45B1 /* Theme.swift in Sources */,
				BFF7F1D72B91782A003C5EA2 /* AppDelegate.swift in Sources */,
				BFF7F2282B980C85003C5EA2 /* OptionCellViewParam.swift in Sources */,
				BFF7F2102B918F12003C5EA2 /* LogoutCell.swift in Sources */,
				BFF7F20C2B918BD2003C5EA2 /* UIView+Ext.swift in Sources */,
				BF40959B2B98545900AD45B1 /* PaymentView.swift in Sources */,
				BFF7F21B2B975885003C5EA2 /* UITableView+Ext.swift in Sources */,
				BF4095AB2B988AB900AD45B1 /* CarouselTableViewCell.swift in Sources */,
				BFF7F1D92B91782A003C5EA2 /* SceneDelegate.swift in Sources */,
				BF4095DA2B9E9B9200AD45B1 /* MockAPIService.swift in Sources */,
				BFF7F2092B9188F7003C5EA2 /* ProfilePagePresenter.swift in Sources */,
				BF4095912B984A3B00AD45B1 /* PromotionCell.swift in Sources */,
				BF4095CE2B9C0A1000AD45B1 /* SimulationResponse.swift in Sources */,
				BF4095992B98515D00AD45B1 /* UserInfoCellViewParam.swift in Sources */,
				BF4095A52B98851E00AD45B1 /* UIColor+Ext.swift in Sources */,
				BFF7F2262B980C10003C5EA2 /* SystemCell.swift in Sources */,
				BF4095972B9850D600AD45B1 /* UserInfoViewCell.swift in Sources */,
			);
			runOnlyForDeploymentPostprocessing = 0;
		};
		BFF7F1E52B91782D003C5EA2 /* Sources */ = {
			isa = PBXSourcesBuildPhase;
			buildActionMask = 2147483647;
			files = (
				BFF7F1EE2B91782D003C5EA2 /* AjaibSeniorProjectTestTests.swift in Sources */,
			);
			runOnlyForDeploymentPostprocessing = 0;
		};
		BFF7F1EF2B91782D003C5EA2 /* Sources */ = {
			isa = PBXSourcesBuildPhase;
			buildActionMask = 2147483647;
			files = (
				BFF7F1FA2B91782D003C5EA2 /* AjaibSeniorProjectTestUITestsLaunchTests.swift in Sources */,
				BFF7F1F82B91782D003C5EA2 /* AjaibSeniorProjectTestUITests.swift in Sources */,
			);
			runOnlyForDeploymentPostprocessing = 0;
		};
/* End PBXSourcesBuildPhase section */

/* Begin PBXTargetDependency section */
		BFF7F1EB2B91782D003C5EA2 /* PBXTargetDependency */ = {
			isa = PBXTargetDependency;
			target = BFF7F1D22B91782A003C5EA2 /* AjaibSeniorProjectTest */;
			targetProxy = BFF7F1EA2B91782D003C5EA2 /* PBXContainerItemProxy */;
		};
		BFF7F1F52B91782D003C5EA2 /* PBXTargetDependency */ = {
			isa = PBXTargetDependency;
			target = BFF7F1D22B91782A003C5EA2 /* AjaibSeniorProjectTest */;
			targetProxy = BFF7F1F42B91782D003C5EA2 /* PBXContainerItemProxy */;
		};
/* End PBXTargetDependency section */

/* Begin PBXVariantGroup section */
		BFF7F1E12B91782D003C5EA2 /* LaunchScreen.storyboard */ = {
			isa = PBXVariantGroup;
			children = (
				BFF7F1E22B91782D003C5EA2 /* Base */,
			);
			name = LaunchScreen.storyboard;
			sourceTree = "<group>";
		};
/* End PBXVariantGroup section */

/* Begin XCBuildConfiguration section */
		BFF7F1FB2B91782D003C5EA2 /* Debug */ = {
			isa = XCBuildConfiguration;
			buildSettings = {
				ALWAYS_SEARCH_USER_PATHS = NO;
				CLANG_ANALYZER_NONNULL = YES;
				CLANG_ANALYZER_NUMBER_OBJECT_CONVERSION = YES_AGGRESSIVE;
				CLANG_CXX_LANGUAGE_STANDARD = "gnu++20";
				CLANG_ENABLE_MODULES = YES;
				CLANG_ENABLE_OBJC_ARC = YES;
				CLANG_ENABLE_OBJC_WEAK = YES;
				CLANG_WARN_BLOCK_CAPTURE_AUTORELEASING = YES;
				CLANG_WARN_BOOL_CONVERSION = YES;
				CLANG_WARN_COMMA = YES;
				CLANG_WARN_CONSTANT_CONVERSION = YES;
				CLANG_WARN_DEPRECATED_OBJC_IMPLEMENTATIONS = YES;
				CLANG_WARN_DIRECT_OBJC_ISA_USAGE = YES_ERROR;
				CLANG_WARN_DOCUMENTATION_COMMENTS = YES;
				CLANG_WARN_EMPTY_BODY = YES;
				CLANG_WARN_ENUM_CONVERSION = YES;
				CLANG_WARN_INFINITE_RECURSION = YES;
				CLANG_WARN_INT_CONVERSION = YES;
				CLANG_WARN_NON_LITERAL_NULL_CONVERSION = YES;
				CLANG_WARN_OBJC_IMPLICIT_RETAIN_SELF = YES;
				CLANG_WARN_OBJC_LITERAL_CONVERSION = YES;
				CLANG_WARN_OBJC_ROOT_CLASS = YES_ERROR;
				CLANG_WARN_QUOTED_INCLUDE_IN_FRAMEWORK_HEADER = YES;
				CLANG_WARN_RANGE_LOOP_ANALYSIS = YES;
				CLANG_WARN_STRICT_PROTOTYPES = YES;
				CLANG_WARN_SUSPICIOUS_MOVE = YES;
				CLANG_WARN_UNGUARDED_AVAILABILITY = YES_AGGRESSIVE;
				CLANG_WARN_UNREACHABLE_CODE = YES;
				CLANG_WARN__DUPLICATE_METHOD_MATCH = YES;
				COPY_PHASE_STRIP = NO;
				DEBUG_INFORMATION_FORMAT = dwarf;
				ENABLE_STRICT_OBJC_MSGSEND = YES;
				ENABLE_TESTABILITY = YES;
				GCC_C_LANGUAGE_STANDARD = gnu11;
				GCC_DYNAMIC_NO_PIC = NO;
				GCC_NO_COMMON_BLOCKS = YES;
				GCC_OPTIMIZATION_LEVEL = 0;
				GCC_PREPROCESSOR_DEFINITIONS = (
					"DEBUG=1",
					"$(inherited)",
				);
				GCC_WARN_64_TO_32_BIT_CONVERSION = YES;
				GCC_WARN_ABOUT_RETURN_TYPE = YES_ERROR;
				GCC_WARN_UNDECLARED_SELECTOR = YES;
				GCC_WARN_UNINITIALIZED_AUTOS = YES_AGGRESSIVE;
				GCC_WARN_UNUSED_FUNCTION = YES;
				GCC_WARN_UNUSED_VARIABLE = YES;
				IPHONEOS_DEPLOYMENT_TARGET = 16.2;
				MTL_ENABLE_DEBUG_INFO = INCLUDE_SOURCE;
				MTL_FAST_MATH = YES;
				ONLY_ACTIVE_ARCH = YES;
				SDKROOT = iphoneos;
				SWIFT_ACTIVE_COMPILATION_CONDITIONS = DEBUG;
				SWIFT_OPTIMIZATION_LEVEL = "-Onone";
			};
			name = Debug;
		};
		BFF7F1FC2B91782D003C5EA2 /* Release */ = {
			isa = XCBuildConfiguration;
			buildSettings = {
				ALWAYS_SEARCH_USER_PATHS = NO;
				CLANG_ANALYZER_NONNULL = YES;
				CLANG_ANALYZER_NUMBER_OBJECT_CONVERSION = YES_AGGRESSIVE;
				CLANG_CXX_LANGUAGE_STANDARD = "gnu++20";
				CLANG_ENABLE_MODULES = YES;
				CLANG_ENABLE_OBJC_ARC = YES;
				CLANG_ENABLE_OBJC_WEAK = YES;
				CLANG_WARN_BLOCK_CAPTURE_AUTORELEASING = YES;
				CLANG_WARN_BOOL_CONVERSION = YES;
				CLANG_WARN_COMMA = YES;
				CLANG_WARN_CONSTANT_CONVERSION = YES;
				CLANG_WARN_DEPRECATED_OBJC_IMPLEMENTATIONS = YES;
				CLANG_WARN_DIRECT_OBJC_ISA_USAGE = YES_ERROR;
				CLANG_WARN_DOCUMENTATION_COMMENTS = YES;
				CLANG_WARN_EMPTY_BODY = YES;
				CLANG_WARN_ENUM_CONVERSION = YES;
				CLANG_WARN_INFINITE_RECURSION = YES;
				CLANG_WARN_INT_CONVERSION = YES;
				CLANG_WARN_NON_LITERAL_NULL_CONVERSION = YES;
				CLANG_WARN_OBJC_IMPLICIT_RETAIN_SELF = YES;
				CLANG_WARN_OBJC_LITERAL_CONVERSION = YES;
				CLANG_WARN_OBJC_ROOT_CLASS = YES_ERROR;
				CLANG_WARN_QUOTED_INCLUDE_IN_FRAMEWORK_HEADER = YES;
				CLANG_WARN_RANGE_LOOP_ANALYSIS = YES;
				CLANG_WARN_STRICT_PROTOTYPES = YES;
				CLANG_WARN_SUSPICIOUS_MOVE = YES;
				CLANG_WARN_UNGUARDED_AVAILABILITY = YES_AGGRESSIVE;
				CLANG_WARN_UNREACHABLE_CODE = YES;
				CLANG_WARN__DUPLICATE_METHOD_MATCH = YES;
				COPY_PHASE_STRIP = NO;
				DEBUG_INFORMATION_FORMAT = "dwarf-with-dsym";
				ENABLE_NS_ASSERTIONS = NO;
				ENABLE_STRICT_OBJC_MSGSEND = YES;
				GCC_C_LANGUAGE_STANDARD = gnu11;
				GCC_NO_COMMON_BLOCKS = YES;
				GCC_WARN_64_TO_32_BIT_CONVERSION = YES;
				GCC_WARN_ABOUT_RETURN_TYPE = YES_ERROR;
				GCC_WARN_UNDECLARED_SELECTOR = YES;
				GCC_WARN_UNINITIALIZED_AUTOS = YES_AGGRESSIVE;
				GCC_WARN_UNUSED_FUNCTION = YES;
				GCC_WARN_UNUSED_VARIABLE = YES;
				IPHONEOS_DEPLOYMENT_TARGET = 16.2;
				MTL_ENABLE_DEBUG_INFO = NO;
				MTL_FAST_MATH = YES;
				SDKROOT = iphoneos;
				SWIFT_COMPILATION_MODE = wholemodule;
				SWIFT_OPTIMIZATION_LEVEL = "-O";
				VALIDATE_PRODUCT = YES;
			};
			name = Release;
		};
		BFF7F1FE2B91782D003C5EA2 /* Debug */ = {
			isa = XCBuildConfiguration;
			buildSettings = {
				ASSETCATALOG_COMPILER_APPICON_NAME = AppIcon;
				ASSETCATALOG_COMPILER_GLOBAL_ACCENT_COLOR_NAME = AccentColor;
				CODE_SIGN_STYLE = Automatic;
				CURRENT_PROJECT_VERSION = 1;
				DEVELOPMENT_TEAM = WY34LG2K7L;
				GENERATE_INFOPLIST_FILE = YES;
				INFOPLIST_FILE = AjaibSeniorProjectTest/Info.plist;
				INFOPLIST_KEY_UIApplicationSupportsIndirectInputEvents = YES;
				INFOPLIST_KEY_UILaunchStoryboardName = LaunchScreen;
				INFOPLIST_KEY_UISupportedInterfaceOrientations_iPad = "UIInterfaceOrientationPortrait UIInterfaceOrientationPortraitUpsideDown UIInterfaceOrientationLandscapeLeft UIInterfaceOrientationLandscapeRight";
				INFOPLIST_KEY_UISupportedInterfaceOrientations_iPhone = "UIInterfaceOrientationPortrait UIInterfaceOrientationLandscapeLeft UIInterfaceOrientationLandscapeRight";
				LD_RUNPATH_SEARCH_PATHS = (
					"$(inherited)",
					"@executable_path/Frameworks",
				);
				MARKETING_VERSION = 1.0;
				PRODUCT_BUNDLE_IDENTIFIER = com.irsyadashari.AjaibSeniorProjectTest;
				PRODUCT_NAME = "$(TARGET_NAME)";
				SWIFT_EMIT_LOC_STRINGS = YES;
				SWIFT_VERSION = 5.0;
				TARGETED_DEVICE_FAMILY = "1,2";
			};
			name = Debug;
		};
		BFF7F1FF2B91782D003C5EA2 /* Release */ = {
			isa = XCBuildConfiguration;
			buildSettings = {
				ASSETCATALOG_COMPILER_APPICON_NAME = AppIcon;
				ASSETCATALOG_COMPILER_GLOBAL_ACCENT_COLOR_NAME = AccentColor;
				CODE_SIGN_STYLE = Automatic;
				CURRENT_PROJECT_VERSION = 1;
				DEVELOPMENT_TEAM = WY34LG2K7L;
				GENERATE_INFOPLIST_FILE = YES;
				INFOPLIST_FILE = AjaibSeniorProjectTest/Info.plist;
				INFOPLIST_KEY_UIApplicationSupportsIndirectInputEvents = YES;
				INFOPLIST_KEY_UILaunchStoryboardName = LaunchScreen;
				INFOPLIST_KEY_UISupportedInterfaceOrientations_iPad = "UIInterfaceOrientationPortrait UIInterfaceOrientationPortraitUpsideDown UIInterfaceOrientationLandscapeLeft UIInterfaceOrientationLandscapeRight";
				INFOPLIST_KEY_UISupportedInterfaceOrientations_iPhone = "UIInterfaceOrientationPortrait UIInterfaceOrientationLandscapeLeft UIInterfaceOrientationLandscapeRight";
				LD_RUNPATH_SEARCH_PATHS = (
					"$(inherited)",
					"@executable_path/Frameworks",
				);
				MARKETING_VERSION = 1.0;
				PRODUCT_BUNDLE_IDENTIFIER = com.irsyadashari.AjaibSeniorProjectTest;
				PRODUCT_NAME = "$(TARGET_NAME)";
				SWIFT_EMIT_LOC_STRINGS = YES;
				SWIFT_VERSION = 5.0;
				TARGETED_DEVICE_FAMILY = "1,2";
			};
			name = Release;
		};
		BFF7F2012B91782D003C5EA2 /* Debug */ = {
			isa = XCBuildConfiguration;
			buildSettings = {
				ALWAYS_EMBED_SWIFT_STANDARD_LIBRARIES = YES;
				BUNDLE_LOADER = "$(TEST_HOST)";
				CODE_SIGN_STYLE = Automatic;
				CURRENT_PROJECT_VERSION = 1;
				DEVELOPMENT_TEAM = WY34LG2K7L;
				GENERATE_INFOPLIST_FILE = YES;
				IPHONEOS_DEPLOYMENT_TARGET = 16.2;
				MARKETING_VERSION = 1.0;
				PRODUCT_BUNDLE_IDENTIFIER = com.irsyadashari.AjaibSeniorProjectTestTests;
				PRODUCT_NAME = "$(TARGET_NAME)";
				SWIFT_EMIT_LOC_STRINGS = NO;
				SWIFT_VERSION = 5.0;
				TARGETED_DEVICE_FAMILY = "1,2";
				TEST_HOST = "$(BUILT_PRODUCTS_DIR)/AjaibSeniorProjectTest.app/$(BUNDLE_EXECUTABLE_FOLDER_PATH)/AjaibSeniorProjectTest";
			};
			name = Debug;
		};
		BFF7F2022B91782D003C5EA2 /* Release */ = {
			isa = XCBuildConfiguration;
			buildSettings = {
				ALWAYS_EMBED_SWIFT_STANDARD_LIBRARIES = YES;
				BUNDLE_LOADER = "$(TEST_HOST)";
				CODE_SIGN_STYLE = Automatic;
				CURRENT_PROJECT_VERSION = 1;
				DEVELOPMENT_TEAM = WY34LG2K7L;
				GENERATE_INFOPLIST_FILE = YES;
				IPHONEOS_DEPLOYMENT_TARGET = 16.2;
				MARKETING_VERSION = 1.0;
				PRODUCT_BUNDLE_IDENTIFIER = com.irsyadashari.AjaibSeniorProjectTestTests;
				PRODUCT_NAME = "$(TARGET_NAME)";
				SWIFT_EMIT_LOC_STRINGS = NO;
				SWIFT_VERSION = 5.0;
				TARGETED_DEVICE_FAMILY = "1,2";
				TEST_HOST = "$(BUILT_PRODUCTS_DIR)/AjaibSeniorProjectTest.app/$(BUNDLE_EXECUTABLE_FOLDER_PATH)/AjaibSeniorProjectTest";
			};
			name = Release;
		};
		BFF7F2042B91782D003C5EA2 /* Debug */ = {
			isa = XCBuildConfiguration;
			buildSettings = {
				ALWAYS_EMBED_SWIFT_STANDARD_LIBRARIES = YES;
				CODE_SIGN_STYLE = Automatic;
				CURRENT_PROJECT_VERSION = 1;
				DEVELOPMENT_TEAM = WY34LG2K7L;
				GENERATE_INFOPLIST_FILE = YES;
				MARKETING_VERSION = 1.0;
				PRODUCT_BUNDLE_IDENTIFIER = com.irsyadashari.AjaibSeniorProjectTestUITests;
				PRODUCT_NAME = "$(TARGET_NAME)";
				SWIFT_EMIT_LOC_STRINGS = NO;
				SWIFT_VERSION = 5.0;
				TARGETED_DEVICE_FAMILY = "1,2";
				TEST_TARGET_NAME = AjaibSeniorProjectTest;
			};
			name = Debug;
		};
		BFF7F2052B91782D003C5EA2 /* Release */ = {
			isa = XCBuildConfiguration;
			buildSettings = {
				ALWAYS_EMBED_SWIFT_STANDARD_LIBRARIES = YES;
				CODE_SIGN_STYLE = Automatic;
				CURRENT_PROJECT_VERSION = 1;
				DEVELOPMENT_TEAM = WY34LG2K7L;
				GENERATE_INFOPLIST_FILE = YES;
				MARKETING_VERSION = 1.0;
				PRODUCT_BUNDLE_IDENTIFIER = com.irsyadashari.AjaibSeniorProjectTestUITests;
				PRODUCT_NAME = "$(TARGET_NAME)";
				SWIFT_EMIT_LOC_STRINGS = NO;
				SWIFT_VERSION = 5.0;
				TARGETED_DEVICE_FAMILY = "1,2";
				TEST_TARGET_NAME = AjaibSeniorProjectTest;
			};
			name = Release;
		};
/* End XCBuildConfiguration section */

/* Begin XCConfigurationList section */
		BFF7F1CE2B91782A003C5EA2 /* Build configuration list for PBXProject "AjaibSeniorProjectTest" */ = {
			isa = XCConfigurationList;
			buildConfigurations = (
				BFF7F1FB2B91782D003C5EA2 /* Debug */,
				BFF7F1FC2B91782D003C5EA2 /* Release */,
			);
			defaultConfigurationIsVisible = 0;
			defaultConfigurationName = Release;
		};
		BFF7F1FD2B91782D003C5EA2 /* Build configuration list for PBXNativeTarget "AjaibSeniorProjectTest" */ = {
			isa = XCConfigurationList;
			buildConfigurations = (
				BFF7F1FE2B91782D003C5EA2 /* Debug */,
				BFF7F1FF2B91782D003C5EA2 /* Release */,
			);
			defaultConfigurationIsVisible = 0;
			defaultConfigurationName = Release;
		};
		BFF7F2002B91782D003C5EA2 /* Build configuration list for PBXNativeTarget "AjaibSeniorProjectTestTests" */ = {
			isa = XCConfigurationList;
			buildConfigurations = (
				BFF7F2012B91782D003C5EA2 /* Debug */,
				BFF7F2022B91782D003C5EA2 /* Release */,
			);
			defaultConfigurationIsVisible = 0;
			defaultConfigurationName = Release;
		};
		BFF7F2032B91782D003C5EA2 /* Build configuration list for PBXNativeTarget "AjaibSeniorProjectTestUITests" */ = {
			isa = XCConfigurationList;
			buildConfigurations = (
				BFF7F2042B91782D003C5EA2 /* Debug */,
				BFF7F2052B91782D003C5EA2 /* Release */,
			);
			defaultConfigurationIsVisible = 0;
			defaultConfigurationName = Release;
		};
/* End XCConfigurationList section */

/* Begin XCRemoteSwiftPackageReference section */
		BF4095AC2B988F1F00AD45B1 /* XCRemoteSwiftPackageReference "Alamofire" */ = {
			isa = XCRemoteSwiftPackageReference;
			repositoryURL = "https://github.com/Alamofire/Alamofire.git";
			requirement = {
				branch = master;
				kind = branch;
			};
		};
		BFF7F21C2B9805AB003C5EA2 /* XCRemoteSwiftPackageReference "RxSwift" */ = {
			isa = XCRemoteSwiftPackageReference;
			repositoryURL = "https://github.com/ReactiveX/RxSwift.git";
			requirement = {
				kind = upToNextMajorVersion;
				minimumVersion = 6.0.0;
			};
		};
/* End XCRemoteSwiftPackageReference section */

/* Begin XCSwiftPackageProductDependency section */
		BF4095AD2B988F1F00AD45B1 /* Alamofire */ = {
			isa = XCSwiftPackageProductDependency;
			package = BF4095AC2B988F1F00AD45B1 /* XCRemoteSwiftPackageReference "Alamofire" */;
			productName = Alamofire;
		};
		BFF7F21D2B9805AB003C5EA2 /* RxBlocking */ = {
			isa = XCSwiftPackageProductDependency;
			package = BFF7F21C2B9805AB003C5EA2 /* XCRemoteSwiftPackageReference "RxSwift" */;
			productName = RxBlocking;
		};
		BFF7F21F2B9805AB003C5EA2 /* RxCocoa */ = {
			isa = XCSwiftPackageProductDependency;
			package = BFF7F21C2B9805AB003C5EA2 /* XCRemoteSwiftPackageReference "RxSwift" */;
			productName = RxCocoa;
		};
		BFF7F2212B9805AB003C5EA2 /* RxRelay */ = {
			isa = XCSwiftPackageProductDependency;
			package = BFF7F21C2B9805AB003C5EA2 /* XCRemoteSwiftPackageReference "RxSwift" */;
			productName = RxRelay;
		};
		BFF7F2232B9805AB003C5EA2 /* RxSwift */ = {
			isa = XCSwiftPackageProductDependency;
			package = BFF7F21C2B9805AB003C5EA2 /* XCRemoteSwiftPackageReference "RxSwift" */;
			productName = RxSwift;
		};
/* End XCSwiftPackageProductDependency section */
	};
	rootObject = BFF7F1CB2B91782A003C5EA2 /* Project object */;
}
